{
  "nodes": {
    "caelestia-cli": {
      "inputs": {
        "caelestia-shell": [],
        "nixpkgs": [
          "nixpkgs"
        ]
      },
      "locked": {
        "lastModified": 1773810043,
        "narHash": "sha256-Fl6saymJWrgM4swkoE5GNfINJi0Y2Dm3kxGEK4yP5Ns=",
        "owner": "JuanMa7u7",
        "repo": "cli",
        "rev": "97b68b762c8415ea7ef9cfa2e474df2dd99f21b6",
        "type": "github"
      },
      "original": {
        "owner": "JuanMa7u7",
        "repo": "cli",
        "type": "github"
      }
    },
    "nixpkgs": {
      "locked": {
        "lastModified": 1781577229,
        "narHash": "sha256-lrp67w8AulE9Ks53n27I45ADSzbOCn4H+CNW1Ck8B+8=",
        "owner": "nixos",
        "repo": "nixpkgs",
        "rev": "567a49d1913ce81ac6e9582e3553dd90a955875f",
        "type": "github"
      },
      "original": {
        "owner": "nixos",
        "ref": "nixos-unstable",
        "repo": "nixpkgs",
        "type": "github"
      }
    },
    "quickshell": {
      "inputs": {
        "nixpkgs": [
          "nixpkgs"
        ]
      },
      "locked": {
        "lastModified": 1763446574,
        "narHash": "sha256-7Xu61mmAjQb1usfIg096VIh6f26fFYd0Z9e6tNdII0w=",
        "ref": "refs/heads/master",
        "rev": "1ddb355121484bcac70f49edd4bd006b1d3a753e",
        "revCount": 707,
        "type": "git",
        "url": "https://git.outfoxxed.me/outfoxxed/quickshell"
      },
      "original": {
        "rev": "1ddb355121484bcac70f49edd4bd006b1d3a753e",
        "type": "git",
        "url": "https://git.outfoxxed.me/outfoxxed/quickshell"
      }
    },
    "root": {
      "inputs": {
        "caelestia-cli": "caelestia-cli",
        "nixpkgs": "nixpkgs",
        "quickshell": "quickshell"
      }
    }
  },
  "root": "root",
  "version": 7
}
